
Microsoft Visual Studio Solution File, Format Version 12.00
# Visual Studio Version 17
VisualStudioVersion = 17.7.34031.279
MinimumVisualStudioVersion = 10.0.40219.1
Project("{FAE04EC0-301F-11D3-BF4B-00C04F79EFBC}") = "GimnasioJassonFit", "GimnasioJassonFit\GimnasioJassonFit.csproj", "{5BD63129-48FA-4FE7-A440-5DA125181585}"
EndProject
Project("{FAE04EC0-301F-11D3-BF4B-00C04F79EFBC}") = "Capa Datos", "Capa Datos\Capa Datos.csproj", "{8BB9D1C6-7FC2-4AAB-B7C9-727D54817D42}"
EndProject
Global
	GlobalSection(SolutionConfigurationPlatforms) = preSolution
		Debug|Any CPU = Debug|Any CPU
		Release|Any CPU = Release|Any CPU
	EndGlobalSection
	GlobalSection(ProjectConfigurationPlatforms) = postSolution
		{5BD63129-48FA-4FE7-A440-5DA125181585}.Debug|Any CPU.ActiveCfg = Debug|Any CPU
		{5BD63129-48FA-4FE7-A440-5DA125181585}.Debug|Any CPU.Build.0 = Debug|Any CPU
		{5BD63129-48FA-4FE7-A440-5DA125181585}.Release|Any CPU.ActiveCfg = Release|Any CPU
		{5BD63129-48FA-4FE7-A440-5DA125181585}.Release|Any CPU.Build.0 = Release|Any CPU
		{8BB9D1C6-7FC2-4AAB-B7C9-727D54817D42}.Debug|Any CPU.ActiveCfg = Debug|Any CPU
		{8BB9D1C6-7FC2-4AAB-B7C9-727D54817D42}.Debug|Any CPU.Build.0 = Debug|Any CPU
		{8BB9D1C6-7FC2-4AAB-B7C9-727D54817D42}.Release|Any CPU.ActiveCfg = Release|Any CPU
		{8BB9D1C6-7FC2-4AAB-B7C9-727D54817D42}.Release|Any CPU.Build.0 = Release|Any CPU
	EndGlobalSection
	GlobalSection(SolutionProperties) = preSolution
		HideSolutionNode = FALSE
	EndGlobalSection
	GlobalSection(ExtensibilityGlobals) = postSolution
		SolutionGuid = {E9842A21-A475-4E4B-9E25-5CDCA918ABCE}
	EndGlobalSection
EndGlobal
